// !$*UTF8*$!
{
	archiveVersion = 1;
	classes = {
	};
	objectVersion = 56;
	objects = {

/* Begin PBXBuildFile section */
		A00000000000000000000001 /* TuSApp.swift in Sources */ = {isa = PBXBuildFile; fileRef = A00000000000000000000101 /* TuSApp.swift */; };
		A00000000000000000000002 /* ContentView.swift in Sources */ = {isa = PBXBuildFile; fileRef = A00000000000000000000102 /* ContentView.swift */; };
		A00000000000000000000003 /* Theme.swift in Sources */ = {isa = PBXBuildFile; fileRef = A00000000000000000000103 /* Theme.swift */; };
		C00000000000000000000001 /* UIAsset.swift in Sources */ = {isa = PBXBuildFile; fileRef = C00000000000000000000101 /* UIAsset.swift */; };
		A00000000000000000000004 /* SkillModel.swift in Sources */ = {isa = PBXBuildFile; fileRef = A00000000000000000000104 /* SkillModel.swift */; };
		A00000000000000000000005 /* AgreementModel.swift in Sources */ = {isa = PBXBuildFile; fileRef = A00000000000000000000105 /* AgreementModel.swift */; };
		A00000000000000000000006 /* EvaluateModel.swift in Sources */ = {isa = PBXBuildFile; fileRef = A00000000000000000000106 /* EvaluateModel.swift */; };
		A00000000000000000000007 /* ChatModels.swift in Sources */ = {isa = PBXBuildFile; fileRef = A00000000000000000000107 /* ChatModels.swift */; };
		A00000000000000000000008 /* SkillMatchManager.swift in Sources */ = {isa = PBXBuildFile; fileRef = A00000000000000000000108 /* SkillMatchManager.swift */; };
		A00000000000000000000009 /* TradeRiskControlManager.swift in Sources */ = {isa = PBXBuildFile; fileRef = A00000000000000000000109 /* TradeRiskControlManager.swift */; };
		A0000000000000000000000A /* CreditScoreManager.swift in Sources */ = {isa = PBXBuildFile; fileRef = A0000000000000000000010A /* CreditScoreManager.swift */; };
		A0000000000000000000000B /* AgreementManager.swift in Sources */ = {isa = PBXBuildFile; fileRef = A0000000000000000000010B /* AgreementManager.swift */; };
		A0000000000000000000000C /* ExposureService.swift in Sources */ = {isa = PBXBuildFile; fileRef = A0000000000000000000010C /* ExposureService.swift */; };
		A0000000000000000000000D /* MockDataStore.swift in Sources */ = {isa = PBXBuildFile; fileRef = A0000000000000000000010D /* MockDataStore.swift */; };
		A0000000000000000000000E /* Components.swift in Sources */ = {isa = PBXBuildFile; fileRef = A0000000000000000000010E /* Components.swift */; };
		A0000000000000000000000F /* MatchHomeView.swift in Sources */ = {isa = PBXBuildFile; fileRef = A0000000000000000000010F /* MatchHomeView.swift */; };
		A00000000000000000000010 /* MatchDetailView.swift in Sources */ = {isa = PBXBuildFile; fileRef = A00000000000000000000110 /* MatchDetailView.swift */; };
		A00000000000000000000011 /* ExchangeDynamicView.swift in Sources */ = {isa = PBXBuildFile; fileRef = A00000000000000000000111 /* ExchangeDynamicView.swift */; };
		A00000000000000000000012 /* MessageView.swift in Sources */ = {isa = PBXBuildFile; fileRef = A00000000000000000000112 /* MessageView.swift */; };
		A00000000000000000000013 /* MineView.swift in Sources */ = {isa = PBXBuildFile; fileRef = A00000000000000000000113 /* MineView.swift */; };
		A00000000000000000000014 /* ProfileEditView.swift in Sources */ = {isa = PBXBuildFile; fileRef = A00000000000000000000114 /* ProfileEditView.swift */; };
		A00000000000000000000015 /* ExposureView.swift in Sources */ = {isa = PBXBuildFile; fileRef = A00000000000000000000115 /* ExposureView.swift */; };
		A00000000000000000000016 /* AgreementView.swift in Sources */ = {isa = PBXBuildFile; fileRef = A00000000000000000000116 /* AgreementView.swift */; };
		A00000000000000000000017 /* EvaluateView.swift in Sources */ = {isa = PBXBuildFile; fileRef = A00000000000000000000117 /* EvaluateView.swift */; };
		A00000000000000000000018 /* Assets.xcassets in Resources */ = {isa = PBXBuildFile; fileRef = A00000000000000000000124 /* Assets.xcassets */; };
		A00000000000000000000019 /* AppConfig.swift in Sources */ = {isa = PBXBuildFile; fileRef = A00000000000000000000118 /* AppConfig.swift */; };
		A0000000000000000000001A /* TokenStore.swift in Sources */ = {isa = PBXBuildFile; fileRef = A00000000000000000000119 /* TokenStore.swift */; };
		A0000000000000000000001B /* ServerModels.swift in Sources */ = {isa = PBXBuildFile; fileRef = A0000000000000000000011A /* ServerModels.swift */; };
		A0000000000000000000001C /* APIClient.swift in Sources */ = {isa = PBXBuildFile; fileRef = A0000000000000000000011B /* APIClient.swift */; };
		A0000000000000000000001D /* RealtimeClient.swift in Sources */ = {isa = PBXBuildFile; fileRef = A0000000000000000000011C /* RealtimeClient.swift */; };
		A0000000000000000000001E /* LoginView.swift in Sources */ = {isa = PBXBuildFile; fileRef = A0000000000000000000011D /* LoginView.swift */; };
		A0000000000000000000001F /* SocketIO in Frameworks */ = {isa = PBXBuildFile; productRef = A00000000000000000000902 /* SocketIO */; };
		A00000000000000000000020 /* MatchMapView.swift in Sources */ = {isa = PBXBuildFile; fileRef = A0000000000000000000011E /* MatchMapView.swift */; };
		A00000000000000000000021 /* NotificationService.swift in Sources */ = {isa = PBXBuildFile; fileRef = A0000000000000000000011F /* NotificationService.swift */; };
		A00000000000000000000022 /* UserProfileView.swift in Sources */ = {isa = PBXBuildFile; fileRef = A00000000000000000000120 /* UserProfileView.swift */; };
		A00000000000000000000023 /* LaunchView.swift in Sources */ = {isa = PBXBuildFile; fileRef = A00000000000000000000121 /* LaunchView.swift */; };
		A00000000000000000000024 /* MyDynamicsView.swift in Sources */ = {isa = PBXBuildFile; fileRef = A00000000000000000000122 /* MyDynamicsView.swift */; };
		A00000000000000000000025 /* PetTabView.swift in Sources */ = {isa = PBXBuildFile; fileRef = A00000000000000000000123 /* PetTabView.swift */; };
		A00000000000000000000026 /* OrderDetailView.swift in Sources */ = {isa = PBXBuildFile; fileRef = A00000000000000000000127 /* OrderDetailView.swift */; };
		A00000000000000000000027 /* ForgotPasswordView.swift in Sources */ = {isa = PBXBuildFile; fileRef = A00000000000000000000128 /* ForgotPasswordView.swift */; };
		A00000000000000000000028 /* ReceivedEvaluationsView.swift in Sources */ = {isa = PBXBuildFile; fileRef = A00000000000000000000129 /* ReceivedEvaluationsView.swift */; };
		A00000000000000000000029 /* MiniAppsView.swift in Sources */ = {isa = PBXBuildFile; fileRef = A00000000000000000000130 /* MiniAppsView.swift */; };
		A00000000000000000000030 /* BookingHistoryView.swift in Sources */ = {isa = PBXBuildFile; fileRef = A00000000000000000000131 /* BookingHistoryView.swift */; };
		A0000000000000000000002A /* HomeOverviewView.swift in Sources */ = {isa = PBXBuildFile; fileRef = A00000000000000000000132 /* HomeOverviewView.swift */; };
		A0000000000000000000002B /* HomeHeroView.swift in Sources */ = {isa = PBXBuildFile; fileRef = A00000000000000000000133 /* HomeHeroView.swift */; };
		A0000000000000000000002C /* HomeStatsGrid.swift in Sources */ = {isa = PBXBuildFile; fileRef = A00000000000000000000134 /* HomeStatsGrid.swift */; };
		A0000000000000000000002D /* HomeMoodCard.swift in Sources */ = {isa = PBXBuildFile; fileRef = A00000000000000000000135 /* HomeMoodCard.swift */; };
		A0000000000000000000002E /* HomeComplaintCard.swift in Sources */ = {isa = PBXBuildFile; fileRef = A00000000000000000000136 /* HomeComplaintCard.swift */; };
		A0000000000000000000002F /* HomePersonalityCard.swift in Sources */ = {isa = PBXBuildFile; fileRef = A00000000000000000000137 /* HomePersonalityCard.swift */; };
		B00000000000000000000001 /* LittleEnergyModels.swift in Sources */ = {isa = PBXBuildFile; fileRef = B00000000000000000000101 /* LittleEnergyModels.swift */; };
		B00000000000000000000002 /* LittleEnergyAvatarView.swift in Sources */ = {isa = PBXBuildFile; fileRef = B00000000000000000000102 /* LittleEnergyAvatarView.swift */; };
		B00000000000000000000003 /* LittleEnergyModelsTests.swift in Sources */ = {isa = PBXBuildFile; fileRef = B00000000000000000000103 /* LittleEnergyModelsTests.swift */; };
		B00000000000000000000004 /* HomeOverviewDecodingTests.swift in Sources */ = {isa = PBXBuildFile; fileRef = B00000000000000000000105 /* HomeOverviewDecodingTests.swift */; };
		B00000000000000000000005 /* HomeOverviewStoreTests.swift in Sources */ = {isa = PBXBuildFile; fileRef = B00000000000000000000106 /* HomeOverviewStoreTests.swift */; };
		B00000000000000000000006 /* HomeNavigationTests.swift in Sources */ = {isa = PBXBuildFile; fileRef = B00000000000000000000107 /* HomeNavigationTests.swift */; };
		D00000000000000000000001 /* ComplaintFavoritesTests.swift in Sources */ = {isa = PBXBuildFile; fileRef = D00000000000000000000101 /* ComplaintFavoritesTests.swift */; };
		C00000000000000000000002 /* UIAssetTests.swift in Sources */ = {isa = PBXBuildFile; fileRef = C00000000000000000000102 /* UIAssetTests.swift */; };
/* End PBXBuildFile section */

/* Begin PBXContainerItemProxy section */
		B00000000000000000000801 /* PBXContainerItemProxy */ = {
			isa = PBXContainerItemProxy;
			containerPortal = A00000000000000000000501 /* Project object */;
			proxyType = 1;
			remoteGlobalIDString = A00000000000000000000401;
			remoteInfo = TuS;
		};
/* End PBXContainerItemProxy section */

/* Begin PBXFileReference section */
		A00000000000000000000101 /* TuSApp.swift */ = {isa = PBXFileReference; lastKnownFileType = sourcecode.swift; path = TuSApp.swift; sourceTree = "<group>"; };
		A00000000000000000000102 /* ContentView.swift */ = {isa = PBXFileReference; lastKnownFileType = sourcecode.swift; path = ContentView.swift; sourceTree = "<group>"; };
		A00000000000000000000103 /* Theme.swift */ = {isa = PBXFileReference; lastKnownFileType = sourcecode.swift; path = Theme.swift; sourceTree = "<group>"; };
		C00000000000000000000101 /* UIAsset.swift */ = {isa = PBXFileReference; lastKnownFileType = sourcecode.swift; path = UIAsset.swift; sourceTree = "<group>"; };
		A00000000000000000000104 /* SkillModel.swift */ = {isa = PBXFileReference; lastKnownFileType = sourcecode.swift; path = SkillModel.swift; sourceTree = "<group>"; };
		A00000000000000000000105 /* AgreementModel.swift */ = {isa = PBXFileReference; lastKnownFileType = sourcecode.swift; path = AgreementModel.swift; sourceTree = "<group>"; };
		A00000000000000000000106 /* EvaluateModel.swift */ = {isa = PBXFileReference; lastKnownFileType = sourcecode.swift; path = EvaluateModel.swift; sourceTree = "<group>"; };
		A00000000000000000000107 /* ChatModels.swift */ = {isa = PBXFileReference; lastKnownFileType = sourcecode.swift; path = ChatModels.swift; sourceTree = "<group>"; };
		A00000000000000000000108 /* SkillMatchManager.swift */ = {isa = PBXFileReference; lastKnownFileType = sourcecode.swift; path = SkillMatchManager.swift; sourceTree = "<group>"; };
		A00000000000000000000109 /* TradeRiskControlManager.swift */ = {isa = PBXFileReference; lastKnownFileType = sourcecode.swift; path = TradeRiskControlManager.swift; sourceTree = "<group>"; };
		A0000000000000000000010A /* CreditScoreManager.swift */ = {isa = PBXFileReference; lastKnownFileType = sourcecode.swift; path = CreditScoreManager.swift; sourceTree = "<group>"; };
		A0000000000000000000010B /* AgreementManager.swift */ = {isa = PBXFileReference; lastKnownFileType = sourcecode.swift; path = AgreementManager.swift; sourceTree = "<group>"; };
		A0000000000000000000010C /* ExposureService.swift */ = {isa = PBXFileReference; lastKnownFileType = sourcecode.swift; path = ExposureService.swift; sourceTree = "<group>"; };
		A0000000000000000000010D /* MockDataStore.swift */ = {isa = PBXFileReference; lastKnownFileType = sourcecode.swift; path = MockDataStore.swift; sourceTree = "<group>"; };
		A0000000000000000000010E /* Components.swift */ = {isa = PBXFileReference; lastKnownFileType = sourcecode.swift; path = Components.swift; sourceTree = "<group>"; };
		A0000000000000000000010F /* MatchHomeView.swift */ = {isa = PBXFileReference; lastKnownFileType = sourcecode.swift; path = MatchHomeView.swift; sourceTree = "<group>"; };
		A00000000000000000000110 /* MatchDetailView.swift */ = {isa = PBXFileReference; lastKnownFileType = sourcecode.swift; path = MatchDetailView.swift; sourceTree = "<group>"; };
		A00000000000000000000111 /* ExchangeDynamicView.swift */ = {isa = PBXFileReference; lastKnownFileType = sourcecode.swift; path = ExchangeDynamicView.swift; sourceTree = "<group>"; };
		A00000000000000000000112 /* MessageView.swift */ = {isa = PBXFileReference; lastKnownFileType = sourcecode.swift; path = MessageView.swift; sourceTree = "<group>"; };
		A00000000000000000000113 /* MineView.swift */ = {isa = PBXFileReference; lastKnownFileType = sourcecode.swift; path = MineView.swift; sourceTree = "<group>"; };
		C00000000000000000000102 /* UIAssetTests.swift */ = {isa = PBXFileReference; lastKnownFileType = sourcecode.swift; path = UIAssetTests.swift; sourceTree = "<group>"; };
		A00000000000000000000114 /* ProfileEditView.swift */ = {isa = PBXFileReference; lastKnownFileType = sourcecode.swift; path = ProfileEditView.swift; sourceTree = "<group>"; };
		A00000000000000000000115 /* ExposureView.swift */ = {isa = PBXFileReference; lastKnownFileType = sourcecode.swift; path = ExposureView.swift; sourceTree = "<group>"; };
		A00000000000000000000116 /* AgreementView.swift */ = {isa = PBXFileReference; lastKnownFileType = sourcecode.swift; path = AgreementView.swift; sourceTree = "<group>"; };
		A00000000000000000000117 /* EvaluateView.swift */ = {isa = PBXFileReference; lastKnownFileType = sourcecode.swift; path = EvaluateView.swift; sourceTree = "<group>"; };
		A00000000000000000000118 /* AppConfig.swift */ = {isa = PBXFileReference; lastKnownFileType = sourcecode.swift; path = AppConfig.swift; sourceTree = "<group>"; };
		A00000000000000000000119 /* TokenStore.swift */ = {isa = PBXFileReference; lastKnownFileType = sourcecode.swift; path = TokenStore.swift; sourceTree = "<group>"; };
		A0000000000000000000011A /* ServerModels.swift */ = {isa = PBXFileReference; lastKnownFileType = sourcecode.swift; path = ServerModels.swift; sourceTree = "<group>"; };
		A0000000000000000000011B /* APIClient.swift */ = {isa = PBXFileReference; lastKnownFileType = sourcecode.swift; path = APIClient.swift; sourceTree = "<group>"; };
		A0000000000000000000011C /* RealtimeClient.swift */ = {isa = PBXFileReference; lastKnownFileType = sourcecode.swift; path = RealtimeClient.swift; sourceTree = "<group>"; };
		A0000000000000000000011D /* LoginView.swift */ = {isa = PBXFileReference; lastKnownFileType = sourcecode.swift; path = LoginView.swift; sourceTree = "<group>"; };
		A00000000000000000000128 /* ForgotPasswordView.swift */ = {isa = PBXFileReference; lastKnownFileType = sourcecode.swift; path = ForgotPasswordView.swift; sourceTree = "<group>"; };
		A00000000000000000000129 /* ReceivedEvaluationsView.swift */ = {isa = PBXFileReference; lastKnownFileType = sourcecode.swift; path = ReceivedEvaluationsView.swift; sourceTree = "<group>"; };
		A00000000000000000000130 /* MiniAppsView.swift */ = {isa = PBXFileReference; lastKnownFileType = sourcecode.swift; path = MiniAppsView.swift; sourceTree = "<group>"; };
		A00000000000000000000131 /* BookingHistoryView.swift */ = {isa = PBXFileReference; lastKnownFileType = sourcecode.swift; path = BookingHistoryView.swift; sourceTree = "<group>"; };
		A00000000000000000000132 /* HomeOverviewView.swift */ = {isa = PBXFileReference; lastKnownFileType = sourcecode.swift; path = HomeOverviewView.swift; sourceTree = "<group>"; };
		A00000000000000000000133 /* HomeHeroView.swift */ = {isa = PBXFileReference; lastKnownFileType = sourcecode.swift; path = HomeHeroView.swift; sourceTree = "<group>"; };
		A00000000000000000000134 /* HomeStatsGrid.swift */ = {isa = PBXFileReference; lastKnownFileType = sourcecode.swift; path = HomeStatsGrid.swift; sourceTree = "<group>"; };
		A00000000000000000000135 /* HomeMoodCard.swift */ = {isa = PBXFileReference; lastKnownFileType = sourcecode.swift; path = HomeMoodCard.swift; sourceTree = "<group>"; };
		A00000000000000000000136 /* HomeComplaintCard.swift */ = {isa = PBXFileReference; lastKnownFileType = sourcecode.swift; path = HomeComplaintCard.swift; sourceTree = "<group>"; };
		A00000000000000000000137 /* HomePersonalityCard.swift */ = {isa = PBXFileReference; lastKnownFileType = sourcecode.swift; path = HomePersonalityCard.swift; sourceTree = "<group>"; };
		A0000000000000000000011E /* MatchMapView.swift */ = {isa = PBXFileReference; lastKnownFileType = sourcecode.swift; path = MatchMapView.swift; sourceTree = "<group>"; };
		A0000000000000000000011F /* NotificationService.swift */ = {isa = PBXFileReference; lastKnownFileType = sourcecode.swift; path = NotificationService.swift; sourceTree = "<group>"; };
		A00000000000000000000120 /* UserProfileView.swift */ = {isa = PBXFileReference; lastKnownFileType = sourcecode.swift; path = UserProfileView.swift; sourceTree = "<group>"; };
		A00000000000000000000121 /* LaunchView.swift */ = {isa = PBXFileReference; lastKnownFileType = sourcecode.swift; path = LaunchView.swift; sourceTree = "<group>"; };
		A00000000000000000000122 /* MyDynamicsView.swift */ = {isa = PBXFileReference; lastKnownFileType = sourcecode.swift; path = MyDynamicsView.swift; sourceTree = "<group>"; };
		A00000000000000000000123 /* PetTabView.swift */ = {isa = PBXFileReference; lastKnownFileType = sourcecode.swift; path = PetTabView.swift; sourceTree = "<group>"; };
		A00000000000000000000127 /* OrderDetailView.swift */ = {isa = PBXFileReference; lastKnownFileType = sourcecode.swift; path = OrderDetailView.swift; sourceTree = "<group>"; };
		A00000000000000000000124 /* Assets.xcassets */ = {isa = PBXFileReference; lastKnownFileType = folder.assetcatalog; path = Assets.xcassets; sourceTree = "<group>"; };
		A00000000000000000000125 /* Info.plist */ = {isa = PBXFileReference; lastKnownFileType = text.plist.xml; path = Info.plist; sourceTree = "<group>"; };
		A00000000000000000000126 /* TuS.app */ = {isa = PBXFileReference; explicitFileType = wrapper.application; includeInIndex = 0; path = TuS.app; sourceTree = BUILT_PRODUCTS_DIR; };
		B00000000000000000000101 /* LittleEnergyModels.swift */ = {isa = PBXFileReference; lastKnownFileType = sourcecode.swift; path = LittleEnergyModels.swift; sourceTree = "<group>"; };
		B00000000000000000000102 /* LittleEnergyAvatarView.swift */ = {isa = PBXFileReference; lastKnownFileType = sourcecode.swift; path = LittleEnergyAvatarView.swift; sourceTree = "<group>"; };
		B00000000000000000000103 /* LittleEnergyModelsTests.swift */ = {isa = PBXFileReference; lastKnownFileType = sourcecode.swift; path = LittleEnergyModelsTests.swift; sourceTree = "<group>"; };
		B00000000000000000000104 /* TuSTests.xctest */ = {isa = PBXFileReference; explicitFileType = wrapper.cfbundle; includeInIndex = 0; path = TuSTests.xctest; sourceTree = BUILT_PRODUCTS_DIR; };
		B00000000000000000000105 /* HomeOverviewDecodingTests.swift */ = {isa = PBXFileReference; lastKnownFileType = sourcecode.swift; path = HomeOverviewDecodingTests.swift; sourceTree = "<group>"; };
		B00000000000000000000106 /* HomeOverviewStoreTests.swift */ = {isa = PBXFileReference; lastKnownFileType = sourcecode.swift; path = HomeOverviewStoreTests.swift; sourceTree = "<group>"; };
		B00000000000000000000107 /* HomeNavigationTests.swift */ = {isa = PBXFileReference; lastKnownFileType = sourcecode.swift; path = HomeNavigationTests.swift; sourceTree = "<group>"; };
		D00000000000000000000101 /* ComplaintFavoritesTests.swift */ = {isa = PBXFileReference; lastKnownFileType = sourcecode.swift; path = ComplaintFavoritesTests.swift; sourceTree = "<group>"; };
/* End PBXFileReference section */

/* Begin PBXFrameworksBuildPhase section */
		B00000000000000000000302 /* Frameworks */ = {
			isa = PBXFrameworksBuildPhase;
			buildActionMask = 2147483647;
			files = ();
			runOnlyForDeploymentPostprocessing = 0;
		};
		A00000000000000000000302 /* Frameworks */ = {
			isa = PBXFrameworksBuildPhase;
			buildActionMask = 2147483647;
			files = (
				A0000000000000000000001F /* SocketIO in Frameworks */,
			);
			runOnlyForDeploymentPostprocessing = 0;
		};
/* End PBXFrameworksBuildPhase section */

/* Begin PBXGroup section */
		A00000000000000000000201 = {
			isa = PBXGroup;
			children = (
				A00000000000000000000202 /* TuS */,
				A00000000000000000000203 /* Products */,
				B00000000000000000000201 /* TuSTests */,
			);
			sourceTree = "<group>";
		};
		A00000000000000000000202 /* TuS */ = {
			isa = PBXGroup;
			children = (
				A00000000000000000000204 /* App */,
				A00000000000000000000205 /* Support */,
				A00000000000000000000206 /* Models */,
				A00000000000000000000207 /* Core */,
				A00000000000000000000208 /* Services */,
				A00000000000000000000209 /* Views */,
				A00000000000000000000124 /* Assets.xcassets */,
				A00000000000000000000125 /* Info.plist */,
			);
			path = TuS;
			sourceTree = "<group>";
		};
		A00000000000000000000203 /* Products */ = {
			isa = PBXGroup;
			children = (
				A00000000000000000000126 /* TuS.app */,
				B00000000000000000000104 /* TuSTests.xctest */,
			);
			name = Products;
			sourceTree = "<group>";
		};
		A00000000000000000000204 /* App */ = {
			isa = PBXGroup;
			children = (
				A00000000000000000000101 /* TuSApp.swift */,
				A00000000000000000000102 /* ContentView.swift */,
			);
			path = App;
			sourceTree = "<group>";
		};
		A00000000000000000000205 /* Support */ = {
			isa = PBXGroup;
			children = (
				A00000000000000000000103 /* Theme.swift */,
				C00000000000000000000101 /* UIAsset.swift */,
				A00000000000000000000118 /* AppConfig.swift */,
				A00000000000000000000119 /* TokenStore.swift */,
			);
			path = Support;
			sourceTree = "<group>";
		};
		A00000000000000000000206 /* Models */ = {
			isa = PBXGroup;
			children = (
				B00000000000000000000101 /* LittleEnergyModels.swift */,
				A00000000000000000000104 /* SkillModel.swift */,
				A00000000000000000000105 /* AgreementModel.swift */,
				A00000000000000000000106 /* EvaluateModel.swift */,
				A00000000000000000000107 /* ChatModels.swift */,
				A0000000000000000000011A /* ServerModels.swift */,
			);
			path = Models;
			sourceTree = "<group>";
		};
		A00000000000000000000207 /* Core */ = {
			isa = PBXGroup;
			children = (
				A00000000000000000000108 /* SkillMatchManager.swift */,
				A00000000000000000000109 /* TradeRiskControlManager.swift */,
				A0000000000000000000010A /* CreditScoreManager.swift */,
				A0000000000000000000010B /* AgreementManager.swift */,
				A0000000000000000000010C /* ExposureService.swift */,
			);
			path = Core;
			sourceTree = "<group>";
		};
		A00000000000000000000208 /* Services */ = {
			isa = PBXGroup;
			children = (
				A0000000000000000000010D /* MockDataStore.swift */,
				A0000000000000000000011B /* APIClient.swift */,
				A0000000000000000000011C /* RealtimeClient.swift */,
				A0000000000000000000011F /* NotificationService.swift */,
			);
			path = Services;
			sourceTree = "<group>";
		};
		A00000000000000000000209 /* Views */ = {
			isa = PBXGroup;
			children = (
				A00000000000000000000210 /* Components */,
				A00000000000000000000211 /* Match */,
				A00000000000000000000212 /* Feed */,
				A00000000000000000000213 /* Chat */,
				A00000000000000000000214 /* Profile */,
				A00000000000000000000215 /* Agreement */,
				A00000000000000000000216 /* Evaluate */,
				A00000000000000000000218 /* Pet */,
				A00000000000000000000217 /* Auth */,
				A00000000000000000000219 /* Home */,
			);
			path = Views;
			sourceTree = "<group>";
		};
		A00000000000000000000219 /* Home */ = {
			isa = PBXGroup;
			children = (
				A00000000000000000000132 /* HomeOverviewView.swift */,
				A00000000000000000000133 /* HomeHeroView.swift */,
				A00000000000000000000134 /* HomeStatsGrid.swift */,
				A00000000000000000000135 /* HomeMoodCard.swift */,
				A00000000000000000000136 /* HomeComplaintCard.swift */,
				A00000000000000000000137 /* HomePersonalityCard.swift */,
			);
			path = Home;
			sourceTree = "<group>";
		};
		A00000000000000000000218 /* Pet */ = {
			isa = PBXGroup;
			children = (
				A00000000000000000000123 /* PetTabView.swift */,
				A00000000000000000000127 /* OrderDetailView.swift */,
				A00000000000000000000131 /* BookingHistoryView.swift */,
			);
			path = Pet;
			sourceTree = "<group>";
		};
		A00000000000000000000217 /* Auth */ = {
			isa = PBXGroup;
			children = (
				A0000000000000000000011D /* LoginView.swift */,
				A00000000000000000000121 /* LaunchView.swift */,
				A00000000000000000000128 /* ForgotPasswordView.swift */,
			);
			path = Auth;
			sourceTree = "<group>";
		};
		A00000000000000000000210 /* Components */ = {
			isa = PBXGroup;
			children = (
				B00000000000000000000102 /* LittleEnergyAvatarView.swift */,
				A0000000000000000000010E /* Components.swift */,
			);
			path = Components;
			sourceTree = "<group>";
		};
		A00000000000000000000211 /* Match */ = {
			isa = PBXGroup;
			children = (
				A0000000000000000000010F /* MatchHomeView.swift */,
				A00000000000000000000110 /* MatchDetailView.swift */,
				A0000000000000000000011E /* MatchMapView.swift */,
			);
			path = Match;
			sourceTree = "<group>";
		};
		A00000000000000000000212 /* Feed */ = {
			isa = PBXGroup;
			children = (
				A00000000000000000000111 /* ExchangeDynamicView.swift */,
			);
			path = Feed;
			sourceTree = "<group>";
		};
		A00000000000000000000213 /* Chat */ = {
			isa = PBXGroup;
			children = (
				A00000000000000000000112 /* MessageView.swift */,
				A00000000000000000000130 /* MiniAppsView.swift */,
			);
			path = Chat;
			sourceTree = "<group>";
		};
		A00000000000000000000214 /* Profile */ = {
			isa = PBXGroup;
			children = (
				A00000000000000000000113 /* MineView.swift */,
				A00000000000000000000114 /* ProfileEditView.swift */,
				A00000000000000000000115 /* ExposureView.swift */,
				A00000000000000000000120 /* UserProfileView.swift */,
				A00000000000000000000122 /* MyDynamicsView.swift */,
				A00000000000000000000129 /* ReceivedEvaluationsView.swift */,
			);
			path = Profile;
			sourceTree = "<group>";
		};
		A00000000000000000000215 /* Agreement */ = {
			isa = PBXGroup;
			children = (
				A00000000000000000000116 /* AgreementView.swift */,
			);
			path = Agreement;
			sourceTree = "<group>";
		};
		A00000000000000000000216 /* Evaluate */ = {
			isa = PBXGroup;
			children = (
				A00000000000000000000117 /* EvaluateView.swift */,
			);
			path = Evaluate;
			sourceTree = "<group>";
		};
		B00000000000000000000201 /* TuSTests */ = {
			isa = PBXGroup;
			children = (
				C00000000000000000000102 /* UIAssetTests.swift */,
				B00000000000000000000103 /* LittleEnergyModelsTests.swift */,
				B00000000000000000000105 /* HomeOverviewDecodingTests.swift */,
				B00000000000000000000106 /* HomeOverviewStoreTests.swift */,
				B00000000000000000000107 /* HomeNavigationTests.swift */,
				D00000000000000000000101 /* ComplaintFavoritesTests.swift */,
			);
			path = TuSTests;
			sourceTree = "<group>";
		};
/* End PBXGroup section */

/* Begin PBXNativeTarget section */
		A00000000000000000000401 /* TuS */ = {
			isa = PBXNativeTarget;
			buildConfigurationList = A00000000000000000000702 /* Build configuration list for PBXNativeTarget "TuS" */;
			buildPhases = (
				A00000000000000000000301 /* Sources */,
				A00000000000000000000302 /* Frameworks */,
				A00000000000000000000303 /* Resources */,
			);
			buildRules = (
			);
			dependencies = (
			);
			name = TuS;
			packageProductDependencies = (
				A00000000000000000000902 /* SocketIO */,
			);
			productName = TuS;
			productReference = A00000000000000000000126 /* TuS.app */;
			productType = "com.apple.product-type.application";
		};
		B00000000000000000000401 /* TuSTests */ = {
			isa = PBXNativeTarget;
			buildConfigurationList = B00000000000000000000701 /* Build configuration list for PBXNativeTarget "TuSTests" */;
			buildPhases = (
				B00000000000000000000301 /* Sources */,
				B00000000000000000000302 /* Frameworks */,
			);
			buildRules = ();
			dependencies = (
				B00000000000000000000802 /* PBXTargetDependency */,
			);
			name = TuSTests;
			productName = TuSTests;
			productReference = B00000000000000000000104 /* TuSTests.xctest */;
			productType = "com.apple.product-type.bundle.unit-test";
		};
/* End PBXNativeTarget section */

/* Begin PBXProject section */
		A00000000000000000000501 /* Project object */ = {
			isa = PBXProject;
			attributes = {
				BuildIndependentTargetsInParallel = 1;
				LastSwiftUpdateCheck = 1500;
				LastUpgradeCheck = 1500;
				TargetAttributes = {
					A00000000000000000000401 = {
						CreatedOnToolsVersion = 15.0;
					};
					B00000000000000000000401 = {
						CreatedOnToolsVersion = 15.0;
						TestTargetID = A00000000000000000000401;
					};
				};
			};
			buildConfigurationList = A00000000000000000000701 /* Build configuration list for PBXProject "TuS" */;
			compatibilityVersion = "Xcode 14.0";
			developmentRegion = "zh-Hans";
			hasScannedForEncodings = 0;
			knownRegions = (
				"zh-Hans",
				en,
				Base,
			);
			mainGroup = A00000000000000000000201;
			packageReferences = (
				A00000000000000000000901 /* XCRemoteSwiftPackageReference "socket.io-client-swift" */,
			);
			productRefGroup = A00000000000000000000203 /* Products */;
			projectDirPath = "";
			projectRoot = "";
			targets = (
				A00000000000000000000401 /* TuS */,
				B00000000000000000000401 /* TuSTests */,
			);
		};
/* End PBXProject section */

/* Begin PBXResourcesBuildPhase section */
		A00000000000000000000303 /* Resources */ = {
			isa = PBXResourcesBuildPhase;
			buildActionMask = 2147483647;
			files = (
				C00000000000000000000002 /* UIAssetTests.swift in Sources */,
				A00000000000000000000018 /* Assets.xcassets in Resources */,
			);
			runOnlyForDeploymentPostprocessing = 0;
		};
/* End PBXResourcesBuildPhase section */

/* Begin PBXSourcesBuildPhase section */
		B00000000000000000000301 /* Sources */ = {
			isa = PBXSourcesBuildPhase;
			buildActionMask = 2147483647;
			files = (
				B00000000000000000000003 /* LittleEnergyModelsTests.swift in Sources */,
				B00000000000000000000004 /* HomeOverviewDecodingTests.swift in Sources */,
				B00000000000000000000005 /* HomeOverviewStoreTests.swift in Sources */,
				B00000000000000000000006 /* HomeNavigationTests.swift in Sources */,
				D00000000000000000000001 /* ComplaintFavoritesTests.swift in Sources */,
			);
			runOnlyForDeploymentPostprocessing = 0;
		};
		A00000000000000000000301 /* Sources */ = {
			isa = PBXSourcesBuildPhase;
			buildActionMask = 2147483647;
			files = (
				B00000000000000000000001 /* LittleEnergyModels.swift in Sources */,
				B00000000000000000000002 /* LittleEnergyAvatarView.swift in Sources */,
				A00000000000000000000001 /* TuSApp.swift in Sources */,
				A00000000000000000000002 /* ContentView.swift in Sources */,
				A00000000000000000000003 /* Theme.swift in Sources */,
				C00000000000000000000001 /* UIAsset.swift in Sources */,
				A00000000000000000000004 /* SkillModel.swift in Sources */,
				A00000000000000000000005 /* AgreementModel.swift in Sources */,
				A00000000000000000000006 /* EvaluateModel.swift in Sources */,
				A00000000000000000000007 /* ChatModels.swift in Sources */,
				A00000000000000000000008 /* SkillMatchManager.swift in Sources */,
				A00000000000000000000009 /* TradeRiskControlManager.swift in Sources */,
				A0000000000000000000000A /* CreditScoreManager.swift in Sources */,
				A0000000000000000000000B /* AgreementManager.swift in Sources */,
				A0000000000000000000000C /* ExposureService.swift in Sources */,
				A0000000000000000000000D /* MockDataStore.swift in Sources */,
				A0000000000000000000000E /* Components.swift in Sources */,
				A0000000000000000000000F /* MatchHomeView.swift in Sources */,
				A00000000000000000000010 /* MatchDetailView.swift in Sources */,
				A00000000000000000000011 /* ExchangeDynamicView.swift in Sources */,
				A00000000000000000000012 /* MessageView.swift in Sources */,
				A00000000000000000000029 /* MiniAppsView.swift in Sources */,
				A00000000000000000000013 /* MineView.swift in Sources */,
				A00000000000000000000014 /* ProfileEditView.swift in Sources */,
				A00000000000000000000015 /* ExposureView.swift in Sources */,
				A00000000000000000000016 /* AgreementView.swift in Sources */,
				A00000000000000000000017 /* EvaluateView.swift in Sources */,
				A00000000000000000000019 /* AppConfig.swift in Sources */,
				A0000000000000000000001A /* TokenStore.swift in Sources */,
				A0000000000000000000001B /* ServerModels.swift in Sources */,
				A0000000000000000000001C /* APIClient.swift in Sources */,
				A0000000000000000000001D /* RealtimeClient.swift in Sources */,
				A0000000000000000000001E /* LoginView.swift in Sources */,
				A00000000000000000000027 /* ForgotPasswordView.swift in Sources */,
				A00000000000000000000020 /* MatchMapView.swift in Sources */,
				A00000000000000000000021 /* NotificationService.swift in Sources */,
				A00000000000000000000022 /* UserProfileView.swift in Sources */,
				A00000000000000000000023 /* LaunchView.swift in Sources */,
				A00000000000000000000024 /* MyDynamicsView.swift in Sources */,
				A00000000000000000000028 /* ReceivedEvaluationsView.swift in Sources */,
				A00000000000000000000025 /* PetTabView.swift in Sources */,
				A00000000000000000000026 /* OrderDetailView.swift in Sources */,
				A00000000000000000000030 /* BookingHistoryView.swift in Sources */,
				A0000000000000000000002A /* HomeOverviewView.swift in Sources */,
				A0000000000000000000002B /* HomeHeroView.swift in Sources */,
				A0000000000000000000002C /* HomeStatsGrid.swift in Sources */,
				A0000000000000000000002D /* HomeMoodCard.swift in Sources */,
				A0000000000000000000002E /* HomeComplaintCard.swift in Sources */,
				A0000000000000000000002F /* HomePersonalityCard.swift in Sources */,
			);
			runOnlyForDeploymentPostprocessing = 0;
		};
/* End PBXSourcesBuildPhase section */

/* Begin PBXTargetDependency section */
		B00000000000000000000802 /* PBXTargetDependency */ = {
			isa = PBXTargetDependency;
			target = A00000000000000000000401 /* TuS */;
			targetProxy = B00000000000000000000801 /* PBXContainerItemProxy */;
		};
/* End PBXTargetDependency section */

/* Begin XCRemoteSwiftPackageReference section */
		A00000000000000000000901 /* XCRemoteSwiftPackageReference "socket.io-client-swift" */ = {
			isa = XCRemoteSwiftPackageReference;
			repositoryURL = "https://github.com/socketio/socket.io-client-swift";
			requirement = {
				kind = upToNextMajorVersion;
				minimumVersion = 16.0.0;
			};
		};
/* End XCRemoteSwiftPackageReference section */

/* Begin XCSwiftPackageProductDependency section */
		A00000000000000000000902 /* SocketIO */ = {
			isa = XCSwiftPackageProductDependency;
			package = A00000000000000000000901 /* XCRemoteSwiftPackageReference "socket.io-client-swift" */;
			productName = SocketIO;
		};
/* End XCSwiftPackageProductDependency section */

/* Begin XCBuildConfiguration section */
		A00000000000000000000601 /* Debug */ = {
			isa = XCBuildConfiguration;
			buildSettings = {
				ALWAYS_SEARCH_USER_PATHS = NO;
				CLANG_ANALYZER_NONNULL = YES;
				CLANG_ANALYZER_NUMBER_OBJECT_CONVERSION = YES_AGGRESSIVE;
				CLANG_CXX_LANGUAGE_STANDARD = "gnu++20";
				CLANG_ENABLE_MODULES = YES;
				CLANG_ENABLE_OBJC_ARC = YES;
				CLANG_ENABLE_OBJC_WEAK = YES;
				CLANG_WARN_BLOCK_CAPTURE_AUTORELEASING = YES;
				CLANG_WARN_BOOL_CONVERSION = YES;
				CLANG_WARN_COMMA = YES;
				CLANG_WARN_CONSTANT_CONVERSION = YES;
				CLANG_WARN_DEPRECATED_OBJC_IMPLEMENTATIONS = YES;
				CLANG_WARN_DIRECT_OBJC_ISA_USAGE = YES_ERROR;
				CLANG_WARN_DOCUMENTATION_COMMENTS = YES;
				CLANG_WARN_EMPTY_BODY = YES;
				CLANG_WARN_ENUM_CONVERSION = YES;
				CLANG_WARN_INFINITE_RECURSION = YES;
				CLANG_WARN_INT_CONVERSION = YES;
				CLANG_WARN_NON_LITERAL_NULL_CONVERSION = YES;
				CLANG_WARN_OBJC_IMPLICIT_RETAIN_SELF = YES;
				CLANG_WARN_OBJC_LITERAL_CONVERSION = YES;
				CLANG_WARN_OBJC_ROOT_CLASS = YES_ERROR;
				CLANG_WARN_QUOTED_INCLUDE_IN_FRAMEWORK_HEADER = YES;
				CLANG_WARN_RANGE_LOOP_ANALYSIS = YES;
				CLANG_WARN_STRICT_PROTOTYPES = YES;
				CLANG_WARN_SUSPICIOUS_MOVE = YES;
				CLANG_WARN_UNGUARDED_AVAILABILITY = YES_AGGRESSIVE;
				CLANG_WARN_UNREACHABLE_CODE = YES;
				CLANG_WARN__DUPLICATE_METHOD_MATCH = YES;
				COPY_PHASE_STRIP = NO;
				DEBUG_INFORMATION_FORMAT = dwarf;
				ENABLE_STRICT_OBJC_MSGSEND = YES;
				ENABLE_TESTABILITY = YES;
				GCC_C_LANGUAGE_STANDARD = gnu17;
				GCC_DYNAMIC_NO_PIC = NO;
				GCC_NO_COMMON_BLOCKS = YES;
				GCC_OPTIMIZATION_LEVEL = 0;
				GCC_PREPROCESSOR_DEFINITIONS = (
					"DEBUG=1",
					"$(inherited)",
				);
				GCC_WARN_64_TO_32_BIT_CONVERSION = YES;
				GCC_WARN_ABOUT_RETURN_TYPE = YES_ERROR;
				GCC_WARN_UNDECLARED_SELECTOR = YES;
				GCC_WARN_UNINITIALIZED_AUTOS = YES_AGGRESSIVE;
				GCC_WARN_UNUSED_FUNCTION = YES;
				GCC_WARN_UNUSED_VARIABLE = YES;
				IPHONEOS_DEPLOYMENT_TARGET = 16.0;
				MTL_ENABLE_DEBUG_INFO = INCLUDE_SOURCE;
				MTL_FAST_MATH = YES;
				ONLY_ACTIVE_ARCH = YES;
				SDKROOT = iphoneos;
				SWIFT_ACTIVE_COMPILATION_CONDITIONS = DEBUG;
				SWIFT_OPTIMIZATION_LEVEL = "-Onone";
			};
			name = Debug;
		};
		A00000000000000000000602 /* Release */ = {
			isa = XCBuildConfiguration;
			buildSettings = {
				ALWAYS_SEARCH_USER_PATHS = NO;
				CLANG_ANALYZER_NONNULL = YES;
				CLANG_ANALYZER_NUMBER_OBJECT_CONVERSION = YES_AGGRESSIVE;
				CLANG_CXX_LANGUAGE_STANDARD = "gnu++20";
				CLANG_ENABLE_MODULES = YES;
				CLANG_ENABLE_OBJC_ARC = YES;
				CLANG_ENABLE_OBJC_WEAK = YES;
				CLANG_WARN_BLOCK_CAPTURE_AUTORELEASING = YES;
				CLANG_WARN_BOOL_CONVERSION = YES;
				CLANG_WARN_COMMA = YES;
				CLANG_WARN_CONSTANT_CONVERSION = YES;
				CLANG_WARN_DEPRECATED_OBJC_IMPLEMENTATIONS = YES;
				CLANG_WARN_DIRECT_OBJC_ISA_USAGE = YES_ERROR;
				CLANG_WARN_DOCUMENTATION_COMMENTS = YES;
				CLANG_WARN_EMPTY_BODY = YES;
				CLANG_WARN_ENUM_CONVERSION = YES;
				CLANG_WARN_INFINITE_RECURSION = YES;
				CLANG_WARN_INT_CONVERSION = YES;
				CLANG_WARN_NON_LITERAL_NULL_CONVERSION = YES;
				CLANG_WARN_OBJC_IMPLICIT_RETAIN_SELF = YES;
				CLANG_WARN_OBJC_LITERAL_CONVERSION = YES;
				CLANG_WARN_OBJC_ROOT_CLASS = YES_ERROR;
				CLANG_WARN_QUOTED_INCLUDE_IN_FRAMEWORK_HEADER = YES;
				CLANG_WARN_RANGE_LOOP_ANALYSIS = YES;
				CLANG_WARN_STRICT_PROTOTYPES = YES;
				CLANG_WARN_SUSPICIOUS_MOVE = YES;
				CLANG_WARN_UNGUARDED_AVAILABILITY = YES_AGGRESSIVE;
				CLANG_WARN_UNREACHABLE_CODE = YES;
				CLANG_WARN__DUPLICATE_METHOD_MATCH = YES;
				COPY_PHASE_STRIP = NO;
				DEBUG_INFORMATION_FORMAT = "dwarf-with-dsym";
				ENABLE_NS_ASSERTIONS = NO;
				ENABLE_STRICT_OBJC_MSGSEND = YES;
				GCC_C_LANGUAGE_STANDARD = gnu17;
				GCC_NO_COMMON_BLOCKS = YES;
				GCC_WARN_64_TO_32_BIT_CONVERSION = YES;
				GCC_WARN_ABOUT_RETURN_TYPE = YES_ERROR;
				GCC_WARN_UNDECLARED_SELECTOR = YES;
				GCC_WARN_UNINITIALIZED_AUTOS = YES_AGGRESSIVE;
				GCC_WARN_UNUSED_FUNCTION = YES;
				GCC_WARN_UNUSED_VARIABLE = YES;
				IPHONEOS_DEPLOYMENT_TARGET = 16.0;
				MTL_ENABLE_DEBUG_INFO = NO;
				MTL_FAST_MATH = YES;
				SDKROOT = iphoneos;
				SWIFT_COMPILATION_MODE = wholemodule;
				SWIFT_OPTIMIZATION_LEVEL = "-O";
				VALIDATE_PRODUCT = YES;
			};
			name = Release;
		};
		A00000000000000000000603 /* Debug */ = {
			isa = XCBuildConfiguration;
			buildSettings = {
				ASSETCATALOG_COMPILER_APPICON_NAME = AppIcon;
				ASSETCATALOG_COMPILER_GLOBAL_ACCENT_COLOR_NAME = AccentColor;
				CODE_SIGN_STYLE = Automatic;
				CURRENT_PROJECT_VERSION = 213;
				DEVELOPMENT_TEAM = "";
				ENABLE_PREVIEWS = YES;
				GENERATE_INFOPLIST_FILE = NO;
				INFOPLIST_FILE = TuS/Info.plist;
				IPHONEOS_DEPLOYMENT_TARGET = 16.0;
				LD_RUNPATH_SEARCH_PATHS = (
					"$(inherited)",
					"@executable_path/Frameworks",
				);
				MARKETING_VERSION = 2.1.3;
				PRODUCT_BUNDLE_IDENTIFIER = com.tus.tucao;
				PRODUCT_MODULE_NAME = TuS;
				PRODUCT_NAME = TuS;
				SUPPORTED_PLATFORMS = "iphoneos iphonesimulator";
				SWIFT_VERSION = 5.0;
				TARGETED_DEVICE_FAMILY = 1;
			};
			name = Debug;
		};
		A00000000000000000000604 /* Release */ = {
			isa = XCBuildConfiguration;
			buildSettings = {
				ASSETCATALOG_COMPILER_APPICON_NAME = AppIcon;
				ASSETCATALOG_COMPILER_GLOBAL_ACCENT_COLOR_NAME = AccentColor;
				CODE_SIGN_STYLE = Automatic;
				CURRENT_PROJECT_VERSION = 213;
				DEVELOPMENT_TEAM = "";
				ENABLE_PREVIEWS = YES;
				GENERATE_INFOPLIST_FILE = NO;
				INFOPLIST_FILE = TuS/Info.plist;
				IPHONEOS_DEPLOYMENT_TARGET = 16.0;
				LD_RUNPATH_SEARCH_PATHS = (
					"$(inherited)",
					"@executable_path/Frameworks",
				);
				MARKETING_VERSION = 2.1.3;
				PRODUCT_BUNDLE_IDENTIFIER = com.tus.tucao;
				PRODUCT_MODULE_NAME = TuS;
				PRODUCT_NAME = TuS;
				SUPPORTED_PLATFORMS = "iphoneos iphonesimulator";
				SWIFT_VERSION = 5.0;
				TARGETED_DEVICE_FAMILY = 1;
			};
			name = Release;
		};
		B00000000000000000000601 /* Debug */ = {
			isa = XCBuildConfiguration;
			buildSettings = {
				BUNDLE_LOADER = "$(TEST_HOST)";
				CODE_SIGN_STYLE = Automatic;
				GENERATE_INFOPLIST_FILE = YES;
				IPHONEOS_DEPLOYMENT_TARGET = 16.0;
				PRODUCT_BUNDLE_IDENTIFIER = com.tus.tucao.tests;
				PRODUCT_NAME = "$(TARGET_NAME)";
				SWIFT_VERSION = 5.0;
				TARGETED_DEVICE_FAMILY = 1;
				TEST_HOST = "$(BUILT_PRODUCTS_DIR)/TuS.app/$(BUNDLE_EXECUTABLE_FOLDER_PATH)/TuS";
			};
			name = Debug;
		};
		B00000000000000000000602 /* Release */ = {
			isa = XCBuildConfiguration;
			buildSettings = {
				BUNDLE_LOADER = "$(TEST_HOST)";
				CODE_SIGN_STYLE = Automatic;
				GENERATE_INFOPLIST_FILE = YES;
				IPHONEOS_DEPLOYMENT_TARGET = 16.0;
				PRODUCT_BUNDLE_IDENTIFIER = com.tus.tucao.tests;
				PRODUCT_NAME = "$(TARGET_NAME)";
				SWIFT_VERSION = 5.0;
				TARGETED_DEVICE_FAMILY = 1;
				TEST_HOST = "$(BUILT_PRODUCTS_DIR)/TuS.app/$(BUNDLE_EXECUTABLE_FOLDER_PATH)/TuS";
			};
			name = Release;
		};
/* End XCBuildConfiguration section */

/* Begin XCConfigurationList section */
		A00000000000000000000701 /* Build configuration list for PBXProject "TuS" */ = {
			isa = XCConfigurationList;
			buildConfigurations = (
				A00000000000000000000601 /* Debug */,
				A00000000000000000000602 /* Release */,
			);
			defaultConfigurationIsVisible = 0;
			defaultConfigurationName = Release;
		};
		A00000000000000000000702 /* Build configuration list for PBXNativeTarget "TuS" */ = {
			isa = XCConfigurationList;
			buildConfigurations = (
				A00000000000000000000603 /* Debug */,
				A00000000000000000000604 /* Release */,
			);
			defaultConfigurationIsVisible = 0;
			defaultConfigurationName = Release;
		};
		B00000000000000000000701 /* Build configuration list for PBXNativeTarget "TuSTests" */ = {
			isa = XCConfigurationList;
			buildConfigurations = (
				B00000000000000000000601 /* Debug */,
				B00000000000000000000602 /* Release */,
			);
			defaultConfigurationIsVisible = 0;
			defaultConfigurationName = Release;
		};
/* End XCConfigurationList section */
	};
	rootObject = A00000000000000000000501 /* Project object */;
}
